
Microsoft Visual Studio Solution File, Format Version 12.00
# Visual Studio Version 17
VisualStudioVersion = 17.4.33403.182
MinimumVisualStudioVersion = 10.0.40219.1
Project("{FAE04EC0-301F-11D3-BF4B-00C04F79EFBC}") = "UserRegistrationApp.Android", "UserRegistrationApp\UserRegistrationApp.Android\UserRegistrationApp.Android.csproj", "{13EF1DD6-6220-4578-8408-E6B625E6C0E7}"
EndProject
Project("{FAE04EC0-301F-11D3-BF4B-00C04F79EFBC}") = "UserRegistrationApp.iOS", "UserRegistrationApp\UserRegistrationApp.iOS\UserRegistrationApp.iOS.csproj", "{D570DE8B-4953-4E7D-BA72-4452891576DC}"
EndProject
Project("{FAE04EC0-301F-11D3-BF4B-00C04F79EFBC}") = "UserRegistrationApp", "UserRegistrationApp\UserRegistrationApp\UserRegistrationApp.csproj", "{C30A9279-9509-495E-9BA6-C0853C64357C}"
EndProject
Global
	GlobalSection(SolutionConfigurationPlatforms) = preSolution
		Debug|Any CPU = Debug|Any CPU
		Debug|iPhone = Debug|iPhone
		Debug|iPhoneSimulator = Debug|iPhoneSimulator
		Release|Any CPU = Release|Any CPU
		Release|iPhone = Release|iPhone
		Release|iPhoneSimulator = Release|iPhoneSimulator
	EndGlobalSection
	GlobalSection(ProjectConfigurationPlatforms) = postSolution
		{13EF1DD6-6220-4578-8408-E6B625E6C0E7}.Debug|Any CPU.ActiveCfg = Debug|Any CPU
		{13EF1DD6-6220-4578-8408-E6B625E6C0E7}.Debug|Any CPU.Build.0 = Debug|Any CPU
		{13EF1DD6-6220-4578-8408-E6B625E6C0E7}.Debug|Any CPU.Deploy.0 = Debug|Any CPU
		{13EF1DD6-6220-4578-8408-E6B625E6C0E7}.Debug|iPhone.ActiveCfg = Debug|Any CPU
		{13EF1DD6-6220-4578-8408-E6B625E6C0E7}.Debug|iPhone.Build.0 = Debug|Any CPU
		{13EF1DD6-6220-4578-8408-E6B625E6C0E7}.Debug|iPhone.Deploy.0 = Debug|Any CPU
		{13EF1DD6-6220-4578-8408-E6B625E6C0E7}.Debug|iPhoneSimulator.ActiveCfg = Debug|Any CPU
		{13EF1DD6-6220-4578-8408-E6B625E6C0E7}.Debug|iPhoneSimulator.Build.0 = Debug|Any CPU
		{13EF1DD6-6220-4578-8408-E6B625E6C0E7}.Debug|iPhoneSimulator.Deploy.0 = Debug|Any CPU
		{13EF1DD6-6220-4578-8408-E6B625E6C0E7}.Release|Any CPU.ActiveCfg = Release|Any CPU
		{13EF1DD6-6220-4578-8408-E6B625E6C0E7}.Release|Any CPU.Build.0 = Release|Any CPU
		{13EF1DD6-6220-4578-8408-E6B625E6C0E7}.Release|Any CPU.Deploy.0 = Release|Any CPU
		{13EF1DD6-6220-4578-8408-E6B625E6C0E7}.Release|iPhone.ActiveCfg = Release|Any CPU
		{13EF1DD6-6220-4578-8408-E6B625E6C0E7}.Release|iPhone.Build.0 = Release|Any CPU
		{13EF1DD6-6220-4578-8408-E6B625E6C0E7}.Release|iPhone.Deploy.0 = Release|Any CPU
		{13EF1DD6-6220-4578-8408-E6B625E6C0E7}.Release|iPhoneSimulator.ActiveCfg = Release|Any CPU
		{13EF1DD6-6220-4578-8408-E6B625E6C0E7}.Release|iPhoneSimulator.Build.0 = Release|Any CPU
		{13EF1DD6-6220-4578-8408-E6B625E6C0E7}.Release|iPhoneSimulator.Deploy.0 = Release|Any CPU
		{D570DE8B-4953-4E7D-BA72-4452891576DC}.Debug|Any CPU.ActiveCfg = Debug|iPhone
		{D570DE8B-4953-4E7D-BA72-4452891576DC}.Debug|Any CPU.Build.0 = Debug|iPhone
		{D570DE8B-4953-4E7D-BA72-4452891576DC}.Debug|Any CPU.Deploy.0 = Debug|iPhone
		{D570DE8B-4953-4E7D-BA72-4452891576DC}.Debug|iPhone.ActiveCfg = Debug|iPhone
		{D570DE8B-4953-4E7D-BA72-4452891576DC}.Debug|iPhone.Build.0 = Debug|iPhone
		{D570DE8B-4953-4E7D-BA72-4452891576DC}.Debug|iPhone.Deploy.0 = Debug|iPhone
		{D570DE8B-4953-4E7D-BA72-4452891576DC}.Debug|iPhoneSimulator.ActiveCfg = Debug|iPhoneSimulator
		{D570DE8B-4953-4E7D-BA72-4452891576DC}.Debug|iPhoneSimulator.Build.0 = Debug|iPhoneSimulator
		{D570DE8B-4953-4E7D-BA72-4452891576DC}.Debug|iPhoneSimulator.Deploy.0 = Debug|iPhoneSimulator
		{D570DE8B-4953-4E7D-BA72-4452891576DC}.Release|Any CPU.ActiveCfg = Release|iPhoneSimulator
		{D570DE8B-4953-4E7D-BA72-4452891576DC}.Release|Any CPU.Build.0 = Release|iPhoneSimulator
		{D570DE8B-4953-4E7D-BA72-4452891576DC}.Release|Any CPU.Deploy.0 = Release|iPhoneSimulator
		{D570DE8B-4953-4E7D-BA72-4452891576DC}.Release|iPhone.ActiveCfg = Release|iPhone
		{D570DE8B-4953-4E7D-BA72-4452891576DC}.Release|iPhone.Build.0 = Release|iPhone
		{D570DE8B-4953-4E7D-BA72-4452891576DC}.Release|iPhone.Deploy.0 = Release|iPhone
		{D570DE8B-4953-4E7D-BA72-4452891576DC}.Release|iPhoneSimulator.ActiveCfg = Release|iPhoneSimulator
		{D570DE8B-4953-4E7D-BA72-4452891576DC}.Release|iPhoneSimulator.Build.0 = Release|iPhoneSimulator
		{D570DE8B-4953-4E7D-BA72-4452891576DC}.Release|iPhoneSimulator.Deploy.0 = Release|iPhoneSimulator
		{C30A9279-9509-495E-9BA6-C0853C64357C}.Debug|Any CPU.ActiveCfg = Debug|Any CPU
		{C30A9279-9509-495E-9BA6-C0853C64357C}.Debug|Any CPU.Build.0 = Debug|Any CPU
		{C30A9279-9509-495E-9BA6-C0853C64357C}.Debug|Any CPU.Deploy.0 = Debug|Any CPU
		{C30A9279-9509-495E-9BA6-C0853C64357C}.Debug|iPhone.ActiveCfg = Debug|Any CPU
		{C30A9279-9509-495E-9BA6-C0853C64357C}.Debug|iPhone.Build.0 = Debug|Any CPU
		{C30A9279-9509-495E-9BA6-C0853C64357C}.Debug|iPhone.Deploy.0 = Debug|Any CPU
		{C30A9279-9509-495E-9BA6-C0853C64357C}.Debug|iPhoneSimulator.ActiveCfg = Debug|Any CPU
		{C30A9279-9509-495E-9BA6-C0853C64357C}.Debug|iPhoneSimulator.Build.0 = Debug|Any CPU
		{C30A9279-9509-495E-9BA6-C0853C64357C}.Debug|iPhoneSimulator.Deploy.0 = Debug|Any CPU
		{C30A9279-9509-495E-9BA6-C0853C64357C}.Release|Any CPU.ActiveCfg = Release|Any CPU
		{C30A9279-9509-495E-9BA6-C0853C64357C}.Release|Any CPU.Build.0 = Release|Any CPU
		{C30A9279-9509-495E-9BA6-C0853C64357C}.Release|Any CPU.Deploy.0 = Release|Any CPU
		{C30A9279-9509-495E-9BA6-C0853C64357C}.Release|iPhone.ActiveCfg = Release|Any CPU
		{C30A9279-9509-495E-9BA6-C0853C64357C}.Release|iPhone.Build.0 = Release|Any CPU
		{C30A9279-9509-495E-9BA6-C0853C64357C}.Release|iPhone.Deploy.0 = Release|Any CPU
		{C30A9279-9509-495E-9BA6-C0853C64357C}.Release|iPhoneSimulator.ActiveCfg = Release|Any CPU
		{C30A9279-9509-495E-9BA6-C0853C64357C}.Release|iPhoneSimulator.Build.0 = Release|Any CPU
		{C30A9279-9509-495E-9BA6-C0853C64357C}.Release|iPhoneSimulator.Deploy.0 = Release|Any CPU
	EndGlobalSection
	GlobalSection(SolutionProperties) = preSolution
		HideSolutionNode = FALSE
	EndGlobalSection
	GlobalSection(ExtensibilityGlobals) = postSolution
		SolutionGuid = {9976591C-1208-4F67-848A-708CA73495E2}
	EndGlobalSection
EndGlobal
